
Microsoft Visual Studio Solution File, Format Version 12.00
# Visual Studio Version 17
VisualStudioVersion = 17.6.33815.320
MinimumVisualStudioVersion = 10.0.40219.1
Project("{FAE04EC0-301F-11D3-BF4B-00C04F79EFBC}") = "Neumann-Sakk", "Neumann-Sakk\Neumann-Sakk.csproj", "{ED27A58E-52BE-41BA-BBF5-FC69999D45B6}"
EndProject
Global
	GlobalSection(SolutionConfigurationPlatforms) = preSolution
		Debug|Any CPU = Debug|Any CPU
		Release|Any CPU = Release|Any CPU
	EndGlobalSection
	GlobalSection(ProjectConfigurationPlatforms) = postSolution
		{ED27A58E-52BE-41BA-BBF5-FC69999D45B6}.Debug|Any CPU.ActiveCfg = Debug|Any CPU
		{ED27A58E-52BE-41BA-BBF5-FC69999D45B6}.Debug|Any CPU.Build.0 = Debug|Any CPU
		{ED27A58E-52BE-41BA-BBF5-FC69999D45B6}.Release|Any CPU.ActiveCfg = Release|Any CPU
		{ED27A58E-52BE-41BA-BBF5-FC69999D45B6}.Release|Any CPU.Build.0 = Release|Any CPU
	EndGlobalSection
	GlobalSection(SolutionProperties) = preSolution
		HideSolutionNode = FALSE
	EndGlobalSection
	GlobalSection(ExtensibilityGlobals) = postSolution
		SolutionGuid = {04CE08DD-54C7-4141-BE38-B8BB63C70C76}
	EndGlobalSection
EndGlobal
